// !$*UTF8*$!
{
	archiveVersion = 1;
	classes = {
	};
	objectVersion = 77;
	objects = {

/* Begin PBXBuildFile section */
		7F7C4EF22F8EF446002102C0 /* ManagedSettings.framework in Frameworks */ = {isa = PBXBuildFile; fileRef = 7F7C4EF12F8EF445002102C0 /* ManagedSettings.framework */; };
		7F7C4EFA2F8EF446002102C0 /* NeuroLockAction.appex in Embed Foundation Extensions */ = {isa = PBXBuildFile; fileRef = 7F7C4EEF2F8EF445002102C0 /* NeuroLockAction.appex */; settings = {ATTRIBUTES = (RemoveHeadersOnCopy, ); }; };
		7F7C4F052F8EF79A002102C0 /* ManagedSettings.framework in Frameworks */ = {isa = PBXBuildFile; fileRef = 7F7C4EF12F8EF445002102C0 /* ManagedSettings.framework */; };
		7F7C4F072F8EF79A002102C0 /* ManagedSettingsUI.framework in Frameworks */ = {isa = PBXBuildFile; fileRef = 7F7C4F062F8EF79A002102C0 /* ManagedSettingsUI.framework */; };
		7F7C4F0F2F8EF79A002102C0 /* NeuroLockShield.appex in Embed Foundation Extensions */ = {isa = PBXBuildFile; fileRef = 7F7C4F042F8EF79A002102C0 /* NeuroLockShield.appex */; settings = {ATTRIBUTES = (RemoveHeadersOnCopy, ); }; };
		7F7C4F1A2F8EF9A0002102C0 /* WidgetKit.framework in Frameworks */ = {isa = PBXBuildFile; fileRef = 7F7C4F192F8EF9A0002102C0 /* WidgetKit.framework */; };
		7F7C4F1C2F8EF9A0002102C0 /* SwiftUI.framework in Frameworks */ = {isa = PBXBuildFile; fileRef = 7F7C4F1B2F8EF9A0002102C0 /* SwiftUI.framework */; };
		7F7C4F2D2F8EF9A2002102C0 /* NeuroLockWidgetExtension.appex in Embed Foundation Extensions */ = {isa = PBXBuildFile; fileRef = 7F7C4F182F8EF9A0002102C0 /* NeuroLockWidgetExtension.appex */; settings = {ATTRIBUTES = (RemoveHeadersOnCopy, ); }; };
		9A1B2C3D4E5F60000000000C /* NeuroLockMonitor.appex in Embed Foundation Extensions */ = {isa = PBXBuildFile; fileRef = 9A1B2C3D4E5F600000000002 /* NeuroLockMonitor.appex */; settings = {ATTRIBUTES = (RemoveHeadersOnCopy, ); }; };
		DD76646C2FC5D4F000EEDB9F /* NeuroLockIcon.icon in Resources */ = {isa = PBXBuildFile; fileRef = DD76646B2FC5D4F000EEDB9F /* NeuroLockIcon.icon */; };
/* End PBXBuildFile section */

/* Begin PBXContainerItemProxy section */
		7F7C4ECC2F8EED64002102C0 /* PBXContainerItemProxy */ = {
			isa = PBXContainerItemProxy;
			containerPortal = 7F7C4EB62F8EED63002102C0 /* Project object */;
			proxyType = 1;
			remoteGlobalIDString = 7F7C4EBD2F8EED63002102C0;
			remoteInfo = NeuroLock;
		};
		7F7C4ED62F8EED64002102C0 /* PBXContainerItemProxy */ = {
			isa = PBXContainerItemProxy;
			containerPortal = 7F7C4EB62F8EED63002102C0 /* Project object */;
			proxyType = 1;
			remoteGlobalIDString = 7F7C4EBD2F8EED63002102C0;
			remoteInfo = NeuroLock;
		};
		7F7C4EF82F8EF446002102C0 /* PBXContainerItemProxy */ = {
			isa = PBXContainerItemProxy;
			containerPortal = 7F7C4EB62F8EED63002102C0 /* Project object */;
			proxyType = 1;
			remoteGlobalIDString = 7F7C4EEE2F8EF445002102C0;
			remoteInfo = NeuroLockAction;
		};
		7F7C4F0D2F8EF79A002102C0 /* PBXContainerItemProxy */ = {
			isa = PBXContainerItemProxy;
			containerPortal = 7F7C4EB62F8EED63002102C0 /* Project object */;
			proxyType = 1;
			remoteGlobalIDString = 7F7C4F032F8EF79A002102C0;
			remoteInfo = NeuroLockShield;
		};
		7F7C4F2B2F8EF9A2002102C0 /* PBXContainerItemProxy */ = {
			isa = PBXContainerItemProxy;
			containerPortal = 7F7C4EB62F8EED63002102C0 /* Project object */;
			proxyType = 1;
			remoteGlobalIDString = 7F7C4F172F8EF9A0002102C0;
			remoteInfo = NeuroLockWidgetExtension;
		};
		9A1B2C3D4E5F60000000000D /* PBXContainerItemProxy */ = {
			isa = PBXContainerItemProxy;
			containerPortal = 7F7C4EB62F8EED63002102C0 /* Project object */;
			proxyType = 1;
			remoteGlobalIDString = 9A1B2C3D4E5F600000000001;
			remoteInfo = NeuroLockMonitor;
		};
/* End PBXContainerItemProxy section */

/* Begin PBXCopyFilesBuildPhase section */
		7F7C4EFF2F8EF446002102C0 /* Embed Foundation Extensions */ = {
			isa = PBXCopyFilesBuildPhase;
			buildActionMask = 2147483647;
			dstPath = "";
			dstSubfolderSpec = 13;
			files = (
				7F7C4F2D2F8EF9A2002102C0 /* NeuroLockWidgetExtension.appex in Embed Foundation Extensions */,
				9A1B2C3D4E5F60000000000C /* NeuroLockMonitor.appex in Embed Foundation Extensions */,
				7F7C4F0F2F8EF79A002102C0 /* NeuroLockShield.appex in Embed Foundation Extensions */,
				7F7C4EFA2F8EF446002102C0 /* NeuroLockAction.appex in Embed Foundation Extensions */,
			);
			name = "Embed Foundation Extensions";
			runOnlyForDeploymentPostprocessing = 0;
		};
/* End PBXCopyFilesBuildPhase section */

/* Begin PBXFileReference section */
		7F7C4EBE2F8EED63002102C0 /* NeuroLock.app */ = {isa = PBXFileReference; explicitFileType = wrapper.application; includeInIndex = 0; path = NeuroLock.app; sourceTree = BUILT_PRODUCTS_DIR; };
		7F7C4ECB2F8EED64002102C0 /* NeuroLockTests.xctest */ = {isa = PBXFileReference; explicitFileType = wrapper.cfbundle; includeInIndex = 0; path = NeuroLockTests.xctest; sourceTree = BUILT_PRODUCTS_DIR; };
		7F7C4ED52F8EED64002102C0 /* NeuroLockUITests.xctest */ = {isa = PBXFileReference; explicitFileType = wrapper.cfbundle; includeInIndex = 0; path = NeuroLockUITests.xctest; sourceTree = BUILT_PRODUCTS_DIR; };
		7F7C4EEF2F8EF445002102C0 /* NeuroLockAction.appex */ = {isa = PBXFileReference; explicitFileType = "wrapper.app-extension"; includeInIndex = 0; path = NeuroLockAction.appex; sourceTree = BUILT_PRODUCTS_DIR; };
		7F7C4EF12F8EF445002102C0 /* ManagedSettings.framework */ = {isa = PBXFileReference; lastKnownFileType = wrapper.framework; name = ManagedSettings.framework; path = System/Library/Frameworks/ManagedSettings.framework; sourceTree = SDKROOT; };
		7F7C4F042F8EF79A002102C0 /* NeuroLockShield.appex */ = {isa = PBXFileReference; explicitFileType = "wrapper.app-extension"; includeInIndex = 0; path = NeuroLockShield.appex; sourceTree = BUILT_PRODUCTS_DIR; };
		7F7C4F062F8EF79A002102C0 /* ManagedSettingsUI.framework */ = {isa = PBXFileReference; lastKnownFileType = wrapper.framework; name = ManagedSettingsUI.framework; path = System/Library/Frameworks/ManagedSettingsUI.framework; sourceTree = SDKROOT; };
		7F7C4F182F8EF9A0002102C0 /* NeuroLockWidgetExtension.appex */ = {isa = PBXFileReference; explicitFileType = "wrapper.app-extension"; includeInIndex = 0; path = NeuroLockWidgetExtension.appex; sourceTree = BUILT_PRODUCTS_DIR; };
		7F7C4F192F8EF9A0002102C0 /* WidgetKit.framework */ = {isa = PBXFileReference; lastKnownFileType = wrapper.framework; name = WidgetKit.framework; path = System/Library/Frameworks/WidgetKit.framework; sourceTree = SDKROOT; };
		7F7C4F1B2F8EF9A0002102C0 /* SwiftUI.framework */ = {isa = PBXFileReference; lastKnownFileType = wrapper.framework; name = SwiftUI.framework; path = System/Library/Frameworks/SwiftUI.framework; sourceTree = SDKROOT; };
		7F7C4F322F8EF9CE002102C0 /* NeuroLockWidgetExtension.entitlements */ = {isa = PBXFileReference; lastKnownFileType = text.plist.entitlements; path = NeuroLockWidgetExtension.entitlements; sourceTree = "<group>"; };
		9A1B2C3D4E5F600000000002 /* NeuroLockMonitor.appex */ = {isa = PBXFileReference; explicitFileType = "wrapper.app-extension"; includeInIndex = 0; path = NeuroLockMonitor.appex; sourceTree = BUILT_PRODUCTS_DIR; };
		DD76646B2FC5D4F000EEDB9F /* NeuroLockIcon.icon */ = {isa = PBXFileReference; lastKnownFileType = folder.iconcomposer.icon; path = NeuroLockIcon.icon; sourceTree = "<group>"; };
/* End PBXFileReference section */

/* Begin PBXFileSystemSynchronizedBuildFileExceptionSet section */
		7F7C4EFB2F8EF446002102C0 /* Exceptions for "NeuroLockAction" folder in "NeuroLockAction" target */ = {
			isa = PBXFileSystemSynchronizedBuildFileExceptionSet;
			membershipExceptions = (
				Info.plist,
			);
			target = 7F7C4EEE2F8EF445002102C0 /* NeuroLockAction */;
		};
		7F7C4F102F8EF79A002102C0 /* Exceptions for "NeuroLockShield" folder in "NeuroLockShield" target */ = {
			isa = PBXFileSystemSynchronizedBuildFileExceptionSet;
			membershipExceptions = (
				Info.plist,
			);
			target = 7F7C4F032F8EF79A002102C0 /* NeuroLockShield */;
		};
		7F7C4F2E2F8EF9A2002102C0 /* Exceptions for "NeuroLockWidget" folder in "NeuroLockWidgetExtension" target */ = {
			isa = PBXFileSystemSynchronizedBuildFileExceptionSet;
			membershipExceptions = (
				Info.plist,
			);
			target = 7F7C4F172F8EF9A0002102C0 /* NeuroLockWidgetExtension */;
		};
		7F7C4F3A2F8EFE75002102C0 /* Exceptions for "NeuroLock" folder in "NeuroLockAction" target */ = {
			isa = PBXFileSystemSynchronizedBuildFileExceptionSet;
			membershipExceptions = (
				NeuroLockShared.swift,
			);
			target = 7F7C4EEE2F8EF445002102C0 /* NeuroLockAction */;
		};
		7F7C4F3B2F8EFE75002102C0 /* Exceptions for "NeuroLock" folder in "NeuroLockShield" target */ = {
			isa = PBXFileSystemSynchronizedBuildFileExceptionSet;
			membershipExceptions = (
				NeuroLockShared.swift,
			);
			target = 7F7C4F032F8EF79A002102C0 /* NeuroLockShield */;
		};
		7F7C4F3C2F8EFE75002102C0 /* Exceptions for "NeuroLock" folder in "NeuroLockWidgetExtension" target */ = {
			isa = PBXFileSystemSynchronizedBuildFileExceptionSet;
			membershipExceptions = (
				NeuroLockShared.swift,
			);
			target = 7F7C4F172F8EF9A0002102C0 /* NeuroLockWidgetExtension */;
		};
		9A1B2C3D4E5F60000000000A /* Exceptions for "NeuroLockMonitor" folder in "NeuroLockMonitor" target */ = {
			isa = PBXFileSystemSynchronizedBuildFileExceptionSet;
			membershipExceptions = (
				Info.plist,
			);
			target = 9A1B2C3D4E5F600000000001 /* NeuroLockMonitor */;
		};
		9A1B2C3D4E5F60000000000B /* Exceptions for "NeuroLock" folder in "NeuroLockMonitor" target */ = {
			isa = PBXFileSystemSynchronizedBuildFileExceptionSet;
			membershipExceptions = (
				NeuroLockShared.swift,
			);
			target = 9A1B2C3D4E5F600000000001 /* NeuroLockMonitor */;
		};
/* End PBXFileSystemSynchronizedBuildFileExceptionSet section */

/* Begin PBXFileSystemSynchronizedRootGroup section */
		7F7C4EC02F8EED63002102C0 /* NeuroLock */ = {
			isa = PBXFileSystemSynchronizedRootGroup;
			exceptions = (
				7F7C4F3A2F8EFE75002102C0 /* Exceptions for "NeuroLock" folder in "NeuroLockAction" target */,
				7F7C4F3B2F8EFE75002102C0 /* Exceptions for "NeuroLock" folder in "NeuroLockShield" target */,
				7F7C4F3C2F8EFE75002102C0 /* Exceptions for "NeuroLock" folder in "NeuroLockWidgetExtension" target */,
				9A1B2C3D4E5F60000000000B /* Exceptions for "NeuroLock" folder in "NeuroLockMonitor" target */,
			);
			path = NeuroLock;
			sourceTree = "<group>";
		};
		7F7C4ECE2F8EED64002102C0 /* NeuroLockTests */ = {
			isa = PBXFileSystemSynchronizedRootGroup;
			path = NeuroLockTests;
			sourceTree = "<group>";
		};
		7F7C4ED82F8EED64002102C0 /* NeuroLockUITests */ = {
			isa = PBXFileSystemSynchronizedRootGroup;
			path = NeuroLockUITests;
			sourceTree = "<group>";
		};
		7F7C4EF32F8EF446002102C0 /* NeuroLockAction */ = {
			isa = PBXFileSystemSynchronizedRootGroup;
			exceptions = (
				7F7C4EFB2F8EF446002102C0 /* Exceptions for "NeuroLockAction" folder in "NeuroLockAction" target */,
			);
			path = NeuroLockAction;
			sourceTree = "<group>";
		};
		7F7C4F082F8EF79A002102C0 /* NeuroLockShield */ = {
			isa = PBXFileSystemSynchronizedRootGroup;
			exceptions = (
				7F7C4F102F8EF79A002102C0 /* Exceptions for "NeuroLockShield" folder in "NeuroLockShield" target */,
			);
			path = NeuroLockShield;
			sourceTree = "<group>";
		};
		7F7C4F1D2F8EF9A0002102C0 /* NeuroLockWidget */ = {
			isa = PBXFileSystemSynchronizedRootGroup;
			exceptions = (
				7F7C4F2E2F8EF9A2002102C0 /* Exceptions for "NeuroLockWidget" folder in "NeuroLockWidgetExtension" target */,
			);
			path = NeuroLockWidget;
			sourceTree = "<group>";
		};
		9A1B2C3D4E5F600000000003 /* NeuroLockMonitor */ = {
			isa = PBXFileSystemSynchronizedRootGroup;
			exceptions = (
				9A1B2C3D4E5F60000000000A /* Exceptions for "NeuroLockMonitor" folder in "NeuroLockMonitor" target */,
			);
			path = NeuroLockMonitor;
			sourceTree = "<group>";
		};
/* End PBXFileSystemSynchronizedRootGroup section */

/* Begin PBXFrameworksBuildPhase section */
		7F7C4EBB2F8EED63002102C0 /* Frameworks */ = {
			isa = PBXFrameworksBuildPhase;
			buildActionMask = 2147483647;
			files = (
			);
			runOnlyForDeploymentPostprocessing = 0;
		};
		7F7C4EC82F8EED64002102C0 /* Frameworks */ = {
			isa = PBXFrameworksBuildPhase;
			buildActionMask = 2147483647;
			files = (
			);
			runOnlyForDeploymentPostprocessing = 0;
		};
		7F7C4ED22F8EED64002102C0 /* Frameworks */ = {
			isa = PBXFrameworksBuildPhase;
			buildActionMask = 2147483647;
			files = (
			);
			runOnlyForDeploymentPostprocessing = 0;
		};
		7F7C4EEC2F8EF445002102C0 /* Frameworks */ = {
			isa = PBXFrameworksBuildPhase;
			buildActionMask = 2147483647;
			files = (
				7F7C4EF22F8EF446002102C0 /* ManagedSettings.framework in Frameworks */,
			);
			runOnlyForDeploymentPostprocessing = 0;
		};
		7F7C4F012F8EF79A002102C0 /* Frameworks */ = {
			isa = PBXFrameworksBuildPhase;
			buildActionMask = 2147483647;
			files = (
				7F7C4F052F8EF79A002102C0 /* ManagedSettings.framework in Frameworks */,
				7F7C4F072F8EF79A002102C0 /* ManagedSettingsUI.framework in Frameworks */,
			);
			runOnlyForDeploymentPostprocessing = 0;
		};
		7F7C4F152F8EF9A0002102C0 /* Frameworks */ = {
			isa = PBXFrameworksBuildPhase;
			buildActionMask = 2147483647;
			files = (
				7F7C4F1C2F8EF9A0002102C0 /* SwiftUI.framework in Frameworks */,
				7F7C4F1A2F8EF9A0002102C0 /* WidgetKit.framework in Frameworks */,
			);
			runOnlyForDeploymentPostprocessing = 0;
		};
		9A1B2C3D4E5F600000000005 /* Frameworks */ = {
			isa = PBXFrameworksBuildPhase;
			buildActionMask = 2147483647;
			files = (
			);
			runOnlyForDeploymentPostprocessing = 0;
		};
/* End PBXFrameworksBuildPhase section */

/* Begin PBXGroup section */
		7F7C4EB52F8EED63002102C0 = {
			isa = PBXGroup;
			children = (
				7F7C4F322F8EF9CE002102C0 /* NeuroLockWidgetExtension.entitlements */,
				7F7C4EC02F8EED63002102C0 /* NeuroLock */,
				7F7C4ECE2F8EED64002102C0 /* NeuroLockTests */,
				7F7C4ED82F8EED64002102C0 /* NeuroLockUITests */,
				7F7C4EF32F8EF446002102C0 /* NeuroLockAction */,
				7F7C4F082F8EF79A002102C0 /* NeuroLockShield */,
				7F7C4F1D2F8EF9A0002102C0 /* NeuroLockWidget */,
				9A1B2C3D4E5F600000000003 /* NeuroLockMonitor */,
				7F7C4EF02F8EF445002102C0 /* Frameworks */,
				7F7C4EBF2F8EED63002102C0 /* Products */,
				DD76646B2FC5D4F000EEDB9F /* NeuroLockIcon.icon */,
			);
			sourceTree = "<group>";
		};
		7F7C4EBF2F8EED63002102C0 /* Products */ = {
			isa = PBXGroup;
			children = (
				7F7C4EBE2F8EED63002102C0 /* NeuroLock.app */,
				7F7C4ECB2F8EED64002102C0 /* NeuroLockTests.xctest */,
				7F7C4ED52F8EED64002102C0 /* NeuroLockUITests.xctest */,
				7F7C4EEF2F8EF445002102C0 /* NeuroLockAction.appex */,
				7F7C4F042F8EF79A002102C0 /* NeuroLockShield.appex */,
				7F7C4F182F8EF9A0002102C0 /* NeuroLockWidgetExtension.appex */,
				9A1B2C3D4E5F600000000002 /* NeuroLockMonitor.appex */,
			);
			name = Products;
			sourceTree = "<group>";
		};
		7F7C4EF02F8EF445002102C0 /* Frameworks */ = {
			isa = PBXGroup;
			children = (
				7F7C4EF12F8EF445002102C0 /* ManagedSettings.framework */,
				7F7C4F062F8EF79A002102C0 /* ManagedSettingsUI.framework */,
				7F7C4F192F8EF9A0002102C0 /* WidgetKit.framework */,
				7F7C4F1B2F8EF9A0002102C0 /* SwiftUI.framework */,
			);
			name = Frameworks;
			sourceTree = "<group>";
		};
/* End PBXGroup section */

/* Begin PBXNativeTarget section */
		7F7C4EBD2F8EED63002102C0 /* NeuroLock */ = {
			isa = PBXNativeTarget;
			buildConfigurationList = 7F7C4EDF2F8EED64002102C0 /* Build configuration list for PBXNativeTarget "NeuroLock" */;
			buildPhases = (
				7F7C4EBA2F8EED63002102C0 /* Sources */,
				7F7C4EBB2F8EED63002102C0 /* Frameworks */,
				7F7C4EBC2F8EED63002102C0 /* Resources */,
				7F7C4EFF2F8EF446002102C0 /* Embed Foundation Extensions */,
			);
			buildRules = (
			);
			dependencies = (
				7F7C4EF92F8EF446002102C0 /* PBXTargetDependency */,
				7F7C4F0E2F8EF79A002102C0 /* PBXTargetDependency */,
				7F7C4F2C2F8EF9A2002102C0 /* PBXTargetDependency */,
				9A1B2C3D4E5F60000000000E /* PBXTargetDependency */,
			);
			fileSystemSynchronizedGroups = (
				7F7C4EC02F8EED63002102C0 /* NeuroLock */,
			);
			name = NeuroLock;
			packageProductDependencies = (
			);
			productName = NeuroLock;
			productReference = 7F7C4EBE2F8EED63002102C0 /* NeuroLock.app */;
			productType = "com.apple.product-type.application";
		};
		7F7C4ECA2F8EED64002102C0 /* NeuroLockTests */ = {
			isa = PBXNativeTarget;
			buildConfigurationList = 7F7C4EE22F8EED64002102C0 /* Build configuration list for PBXNativeTarget "NeuroLockTests" */;
			buildPhases = (
				7F7C4EC72F8EED64002102C0 /* Sources */,
				7F7C4EC82F8EED64002102C0 /* Frameworks */,
				7F7C4EC92F8EED64002102C0 /* Resources */,
			);
			buildRules = (
			);
			dependencies = (
				7F7C4ECD2F8EED64002102C0 /* PBXTargetDependency */,
			);
			fileSystemSynchronizedGroups = (
				7F7C4ECE2F8EED64002102C0 /* NeuroLockTests */,
			);
			name = NeuroLockTests;
			packageProductDependencies = (
			);
			productName = NeuroLockTests;
			productReference = 7F7C4ECB2F8EED64002102C0 /* NeuroLockTests.xctest */;
			productType = "com.apple.product-type.bundle.unit-test";
		};
		7F7C4ED42F8EED64002102C0 /* NeuroLockUITests */ = {
			isa = PBXNativeTarget;
			buildConfigurationList = 7F7C4EE52F8EED64002102C0 /* Build configuration list for PBXNativeTarget "NeuroLockUITests" */;
			buildPhases = (
				7F7C4ED12F8EED64002102C0 /* Sources */,
				7F7C4ED22F8EED64002102C0 /* Frameworks */,
				7F7C4ED32F8EED64002102C0 /* Resources */,
			);
			buildRules = (
			);
			dependencies = (
				7F7C4ED72F8EED64002102C0 /* PBXTargetDependency */,
			);
			fileSystemSynchronizedGroups = (
				7F7C4ED82F8EED64002102C0 /* NeuroLockUITests */,
			);
			name = NeuroLockUITests;
			packageProductDependencies = (
			);
			productName = NeuroLockUITests;
			productReference = 7F7C4ED52F8EED64002102C0 /* NeuroLockUITests.xctest */;
			productType = "com.apple.product-type.bundle.ui-testing";
		};
		7F7C4EEE2F8EF445002102C0 /* NeuroLockAction */ = {
			isa = PBXNativeTarget;
			buildConfigurationList = 7F7C4EFC2F8EF446002102C0 /* Build configuration list for PBXNativeTarget "NeuroLockAction" */;
			buildPhases = (
				7F7C4EEB2F8EF445002102C0 /* Sources */,
				7F7C4EEC2F8EF445002102C0 /* Frameworks */,
				7F7C4EED2F8EF445002102C0 /* Resources */,
			);
			buildRules = (
			);
			dependencies = (
			);
			fileSystemSynchronizedGroups = (
				7F7C4EF32F8EF446002102C0 /* NeuroLockAction */,
			);
			name = NeuroLockAction;
			packageProductDependencies = (
			);
			productName = NeuroLockAction;
			productReference = 7F7C4EEF2F8EF445002102C0 /* NeuroLockAction.appex */;
			productType = "com.apple.product-type.app-extension";
		};
		7F7C4F032F8EF79A002102C0 /* NeuroLockShield */ = {
			isa = PBXNativeTarget;
			buildConfigurationList = 7F7C4F112F8EF79A002102C0 /* Build configuration list for PBXNativeTarget "NeuroLockShield" */;
			buildPhases = (
				7F7C4F002F8EF79A002102C0 /* Sources */,
				7F7C4F012F8EF79A002102C0 /* Frameworks */,
				7F7C4F022F8EF79A002102C0 /* Resources */,
			);
			buildRules = (
			);
			dependencies = (
			);
			fileSystemSynchronizedGroups = (
				7F7C4F082F8EF79A002102C0 /* NeuroLockShield */,
			);
			name = NeuroLockShield;
			packageProductDependencies = (
			);
			productName = NeuroLockShield;
			productReference = 7F7C4F042F8EF79A002102C0 /* NeuroLockShield.appex */;
			productType = "com.apple.product-type.app-extension";
		};
		7F7C4F172F8EF9A0002102C0 /* NeuroLockWidgetExtension */ = {
			isa = PBXNativeTarget;
			buildConfigurationList = 7F7C4F2F2F8EF9A2002102C0 /* Build configuration list for PBXNativeTarget "NeuroLockWidgetExtension" */;
			buildPhases = (
				7F7C4F142F8EF9A0002102C0 /* Sources */,
				7F7C4F152F8EF9A0002102C0 /* Frameworks */,
				7F7C4F162F8EF9A0002102C0 /* Resources */,
			);
			buildRules = (
			);
			dependencies = (
			);
			fileSystemSynchronizedGroups = (
				7F7C4F1D2F8EF9A0002102C0 /* NeuroLockWidget */,
			);
			name = NeuroLockWidgetExtension;
			packageProductDependencies = (
			);
			productName = NeuroLockWidgetExtension;
			productReference = 7F7C4F182F8EF9A0002102C0 /* NeuroLockWidgetExtension.appex */;
			productType = "com.apple.product-type.app-extension";
		};
		9A1B2C3D4E5F600000000001 /* NeuroLockMonitor */ = {
			isa = PBXNativeTarget;
			buildConfigurationList = 9A1B2C3D4E5F600000000007 /* Build configuration list for PBXNativeTarget "NeuroLockMonitor" */;
			buildPhases = (
				9A1B2C3D4E5F600000000004 /* Sources */,
				9A1B2C3D4E5F600000000005 /* Frameworks */,
				9A1B2C3D4E5F600000000006 /* Resources */,
			);
			buildRules = (
			);
			dependencies = (
			);
			fileSystemSynchronizedGroups = (
				9A1B2C3D4E5F600000000003 /* NeuroLockMonitor */,
			);
			name = NeuroLockMonitor;
			packageProductDependencies = (
			);
			productName = NeuroLockMonitor;
			productReference = 9A1B2C3D4E5F600000000002 /* NeuroLockMonitor.appex */;
			productType = "com.apple.product-type.app-extension";
		};
/* End PBXNativeTarget section */

/* Begin PBXProject section */
		7F7C4EB62F8EED63002102C0 /* Project object */ = {
			isa = PBXProject;
			attributes = {
				BuildIndependentTargetsInParallel = 1;
				LastSwiftUpdateCheck = 2640;
				LastUpgradeCheck = 2640;
				TargetAttributes = {
					7F7C4EBD2F8EED63002102C0 = {
						CreatedOnToolsVersion = 26.4;
					};
					7F7C4ECA2F8EED64002102C0 = {
						CreatedOnToolsVersion = 26.4;
						TestTargetID = 7F7C4EBD2F8EED63002102C0;
					};
					7F7C4ED42F8EED64002102C0 = {
						CreatedOnToolsVersion = 26.4;
						TestTargetID = 7F7C4EBD2F8EED63002102C0;
					};
					7F7C4EEE2F8EF445002102C0 = {
						CreatedOnToolsVersion = 26.4;
					};
					7F7C4F032F8EF79A002102C0 = {
						CreatedOnToolsVersion = 26.4;
					};
					7F7C4F172F8EF9A0002102C0 = {
						CreatedOnToolsVersion = 26.4;
					};
					9A1B2C3D4E5F600000000001 = {
						CreatedOnToolsVersion = 26.4;
					};
				};
			};
			buildConfigurationList = 7F7C4EB92F8EED63002102C0 /* Build configuration list for PBXProject "NeuroLock" */;
			developmentRegion = en;
			hasScannedForEncodings = 0;
			knownRegions = (
				en,
				Base,
			);
			mainGroup = 7F7C4EB52F8EED63002102C0;
			minimizedProjectReferenceProxies = 1;
			preferredProjectObjectVersion = 77;
			productRefGroup = 7F7C4EBF2F8EED63002102C0 /* Products */;
			projectDirPath = "";
			projectRoot = "";
			targets = (
				7F7C4EBD2F8EED63002102C0 /* NeuroLock */,
				7F7C4ECA2F8EED64002102C0 /* NeuroLockTests */,
				7F7C4ED42F8EED64002102C0 /* NeuroLockUITests */,
				7F7C4EEE2F8EF445002102C0 /* NeuroLockAction */,
				7F7C4F032F8EF79A002102C0 /* NeuroLockShield */,
				7F7C4F172F8EF9A0002102C0 /* NeuroLockWidgetExtension */,
				9A1B2C3D4E5F600000000001 /* NeuroLockMonitor */,
			);
		};
/* End PBXProject section */

/* Begin PBXResourcesBuildPhase section */
		7F7C4EBC2F8EED63002102C0 /* Resources */ = {
			isa = PBXResourcesBuildPhase;
			buildActionMask = 2147483647;
			files = (
				DD76646C2FC5D4F000EEDB9F /* NeuroLockIcon.icon in Resources */,
			);
			runOnlyForDeploymentPostprocessing = 0;
		};
		7F7C4EC92F8EED64002102C0 /* Resources */ = {
			isa = PBXResourcesBuildPhase;
			buildActionMask = 2147483647;
			files = (
			);
			runOnlyForDeploymentPostprocessing = 0;
		};
		7F7C4ED32F8EED64002102C0 /* Resources */ = {
			isa = PBXResourcesBuildPhase;
			buildActionMask = 2147483647;
			files = (
			);
			runOnlyForDeploymentPostprocessing = 0;
		};
		7F7C4EED2F8EF445002102C0 /* Resources */ = {
			isa = PBXResourcesBuildPhase;
			buildActionMask = 2147483647;
			files = (
			);
			runOnlyForDeploymentPostprocessing = 0;
		};
		7F7C4F022F8EF79A002102C0 /* Resources */ = {
			isa = PBXResourcesBuildPhase;
			buildActionMask = 2147483647;
			files = (
			);
			runOnlyForDeploymentPostprocessing = 0;
		};
		7F7C4F162F8EF9A0002102C0 /* Resources */ = {
			isa = PBXResourcesBuildPhase;
			buildActionMask = 2147483647;
			files = (
			);
			runOnlyForDeploymentPostprocessing = 0;
		};
		9A1B2C3D4E5F600000000006 /* Resources */ = {
			isa = PBXResourcesBuildPhase;
			buildActionMask = 2147483647;
			files = (
			);
			runOnlyForDeploymentPostprocessing = 0;
		};
/* End PBXResourcesBuildPhase section */

/* Begin PBXSourcesBuildPhase section */
		7F7C4EBA2F8EED63002102C0 /* Sources */ = {
			isa = PBXSourcesBuildPhase;
			buildActionMask = 2147483647;
			files = (
			);
			runOnlyForDeploymentPostprocessing = 0;
		};
		7F7C4EC72F8EED64002102C0 /* Sources */ = {
			isa = PBXSourcesBuildPhase;
			buildActionMask = 2147483647;
			files = (
			);
			runOnlyForDeploymentPostprocessing = 0;
		};
		7F7C4ED12F8EED64002102C0 /* Sources */ = {
			isa = PBXSourcesBuildPhase;
			buildActionMask = 2147483647;
			files = (
			);
			runOnlyForDeploymentPostprocessing = 0;
		};
		7F7C4EEB2F8EF445002102C0 /* Sources */ = {
			isa = PBXSourcesBuildPhase;
			buildActionMask = 2147483647;
			files = (
			);
			runOnlyForDeploymentPostprocessing = 0;
		};
		7F7C4F002F8EF79A002102C0 /* Sources */ = {
			isa = PBXSourcesBuildPhase;
			buildActionMask = 2147483647;
			files = (
			);
			runOnlyForDeploymentPostprocessing = 0;
		};
		7F7C4F142F8EF9A0002102C0 /* Sources */ = {
			isa = PBXSourcesBuildPhase;
			buildActionMask = 2147483647;
			files = (
			);
			runOnlyForDeploymentPostprocessing = 0;
		};
		9A1B2C3D4E5F600000000004 /* Sources */ = {
			isa = PBXSourcesBuildPhase;
			buildActionMask = 2147483647;
			files = (
			);
			runOnlyForDeploymentPostprocessing = 0;
		};
/* End PBXSourcesBuildPhase section */

/* Begin PBXTargetDependency section */
		7F7C4ECD2F8EED64002102C0 /* PBXTargetDependency */ = {
			isa = PBXTargetDependency;
			target = 7F7C4EBD2F8EED63002102C0 /* NeuroLock */;
			targetProxy = 7F7C4ECC2F8EED64002102C0 /* PBXContainerItemProxy */;
		};
		7F7C4ED72F8EED64002102C0 /* PBXTargetDependency */ = {
			isa = PBXTargetDependency;
			target = 7F7C4EBD2F8EED63002102C0 /* NeuroLock */;
			targetProxy = 7F7C4ED62F8EED64002102C0 /* PBXContainerItemProxy */;
		};
		7F7C4EF92F8EF446002102C0 /* PBXTargetDependency */ = {
			isa = PBXTargetDependency;
			target = 7F7C4EEE2F8EF445002102C0 /* NeuroLockAction */;
			targetProxy = 7F7C4EF82F8EF446002102C0 /* PBXContainerItemProxy */;
		};
		7F7C4F0E2F8EF79A002102C0 /* PBXTargetDependency */ = {
			isa = PBXTargetDependency;
			target = 7F7C4F032F8EF79A002102C0 /* NeuroLockShield */;
			targetProxy = 7F7C4F0D2F8EF79A002102C0 /* PBXContainerItemProxy */;
		};
		7F7C4F2C2F8EF9A2002102C0 /* PBXTargetDependency */ = {
			isa = PBXTargetDependency;
			target = 7F7C4F172F8EF9A0002102C0 /* NeuroLockWidgetExtension */;
			targetProxy = 7F7C4F2B2F8EF9A2002102C0 /* PBXContainerItemProxy */;
		};
		9A1B2C3D4E5F60000000000E /* PBXTargetDependency */ = {
			isa = PBXTargetDependency;
			target = 9A1B2C3D4E5F600000000001 /* NeuroLockMonitor */;
			targetProxy = 9A1B2C3D4E5F60000000000D /* PBXContainerItemProxy */;
		};
/* End PBXTargetDependency section */

/* Begin XCBuildConfiguration section */
		7F7C4EDD2F8EED64002102C0 /* Debug */ = {
			isa = XCBuildConfiguration;
			buildSettings = {
				ALWAYS_SEARCH_USER_PATHS = NO;
				ASSETCATALOG_COMPILER_GENERATE_SWIFT_ASSET_SYMBOL_EXTENSIONS = YES;
				CLANG_ANALYZER_NONNULL = YES;
				CLANG_ANALYZER_NUMBER_OBJECT_CONVERSION = YES_AGGRESSIVE;
				CLANG_CXX_LANGUAGE_STANDARD = "gnu++20";
				CLANG_ENABLE_MODULES = YES;
				CLANG_ENABLE_OBJC_ARC = YES;
				CLANG_ENABLE_OBJC_WEAK = YES;
				CLANG_WARN_BLOCK_CAPTURE_AUTORELEASING = YES;
				CLANG_WARN_BOOL_CONVERSION = YES;
				CLANG_WARN_COMMA = YES;
				CLANG_WARN_CONSTANT_CONVERSION = YES;
				CLANG_WARN_DEPRECATED_OBJC_IMPLEMENTATIONS = YES;
				CLANG_WARN_DIRECT_OBJC_ISA_USAGE = YES_ERROR;
				CLANG_WARN_DOCUMENTATION_COMMENTS = YES;
				CLANG_WARN_EMPTY_BODY = YES;
				CLANG_WARN_ENUM_CONVERSION = YES;
				CLANG_WARN_INFINITE_RECURSION = YES;
				CLANG_WARN_INT_CONVERSION = YES;
				CLANG_WARN_NON_LITERAL_NULL_CONVERSION = YES;
				CLANG_WARN_OBJC_IMPLICIT_RETAIN_SELF = YES;
				CLANG_WARN_OBJC_LITERAL_CONVERSION = YES;
				CLANG_WARN_OBJC_ROOT_CLASS = YES_ERROR;
				CLANG_WARN_QUOTED_INCLUDE_IN_FRAMEWORK_HEADER = YES;
				CLANG_WARN_RANGE_LOOP_ANALYSIS = YES;
				CLANG_WARN_STRICT_PROTOTYPES = YES;
				CLANG_WARN_SUSPICIOUS_MOVE = YES;
				CLANG_WARN_UNGUARDED_AVAILABILITY = YES_AGGRESSIVE;
				CLANG_WARN_UNREACHABLE_CODE = YES;
				CLANG_WARN__DUPLICATE_METHOD_MATCH = YES;
				COPY_PHASE_STRIP = NO;
				DEBUG_INFORMATION_FORMAT = dwarf;
				ENABLE_STRICT_OBJC_MSGSEND = YES;
				ENABLE_TESTABILITY = YES;
				ENABLE_USER_SCRIPT_SANDBOXING = YES;
				GCC_C_LANGUAGE_STANDARD = gnu17;
				GCC_DYNAMIC_NO_PIC = NO;
				GCC_NO_COMMON_BLOCKS = YES;
				GCC_OPTIMIZATION_LEVEL = 0;
				GCC_PREPROCESSOR_DEFINITIONS = (
					"DEBUG=1",
					"$(inherited)",
				);
				GCC_WARN_64_TO_32_BIT_CONVERSION = YES;
				GCC_WARN_ABOUT_RETURN_TYPE = YES_ERROR;
				GCC_WARN_UNDECLARED_SELECTOR = YES;
				GCC_WARN_UNINITIALIZED_AUTOS = YES_AGGRESSIVE;
				GCC_WARN_UNUSED_FUNCTION = YES;
				GCC_WARN_UNUSED_VARIABLE = YES;
				IPHONEOS_DEPLOYMENT_TARGET = 26.4;
				LOCALIZATION_PREFERS_STRING_CATALOGS = YES;
				MTL_ENABLE_DEBUG_INFO = INCLUDE_SOURCE;
				MTL_FAST_MATH = YES;
				ONLY_ACTIVE_ARCH = YES;
				SDKROOT = iphoneos;
				SWIFT_ACTIVE_COMPILATION_CONDITIONS = "DEBUG $(inherited)";
				SWIFT_OPTIMIZATION_LEVEL = "-Onone";
			};
			name = Debug;
		};
		7F7C4EDE2F8EED64002102C0 /* Release */ = {
			isa = XCBuildConfiguration;
			buildSettings = {
				ALWAYS_SEARCH_USER_PATHS = NO;
				ASSETCATALOG_COMPILER_GENERATE_SWIFT_ASSET_SYMBOL_EXTENSIONS = YES;
				CLANG_ANALYZER_NONNULL = YES;
				CLANG_ANALYZER_NUMBER_OBJECT_CONVERSION = YES_AGGRESSIVE;
				CLANG_CXX_LANGUAGE_STANDARD = "gnu++20";
				CLANG_ENABLE_MODULES = YES;
				CLANG_ENABLE_OBJC_ARC = YES;
				CLANG_ENABLE_OBJC_WEAK = YES;
				CLANG_WARN_BLOCK_CAPTURE_AUTORELEASING = YES;
				CLANG_WARN_BOOL_CONVERSION = YES;
				CLANG_WARN_COMMA = YES;
				CLANG_WARN_CONSTANT_CONVERSION = YES;
				CLANG_WARN_DEPRECATED_OBJC_IMPLEMENTATIONS = YES;
				CLANG_WARN_DIRECT_OBJC_ISA_USAGE = YES_ERROR;
				CLANG_WARN_DOCUMENTATION_COMMENTS = YES;
				CLANG_WARN_EMPTY_BODY = YES;
				CLANG_WARN_ENUM_CONVERSION = YES;
				CLANG_WARN_INFINITE_RECURSION = YES;
				CLANG_WARN_INT_CONVERSION = YES;
				CLANG_WARN_NON_LITERAL_NULL_CONVERSION = YES;
				CLANG_WARN_OBJC_IMPLICIT_RETAIN_SELF = YES;
				CLANG_WARN_OBJC_LITERAL_CONVERSION = YES;
				CLANG_WARN_OBJC_ROOT_CLASS = YES_ERROR;
				CLANG_WARN_QUOTED_INCLUDE_IN_FRAMEWORK_HEADER = YES;
				CLANG_WARN_RANGE_LOOP_ANALYSIS = YES;
				CLANG_WARN_STRICT_PROTOTYPES = YES;
				CLANG_WARN_SUSPICIOUS_MOVE = YES;
				CLANG_WARN_UNGUARDED_AVAILABILITY = YES_AGGRESSIVE;
				CLANG_WARN_UNREACHABLE_CODE = YES;
				CLANG_WARN__DUPLICATE_METHOD_MATCH = YES;
				COPY_PHASE_STRIP = NO;
				DEBUG_INFORMATION_FORMAT = "dwarf-with-dsym";
				ENABLE_NS_ASSERTIONS = NO;
				ENABLE_STRICT_OBJC_MSGSEND = YES;
				ENABLE_USER_SCRIPT_SANDBOXING = YES;
				GCC_C_LANGUAGE_STANDARD = gnu17;
				GCC_NO_COMMON_BLOCKS = YES;
				GCC_WARN_64_TO_32_BIT_CONVERSION = YES;
				GCC_WARN_ABOUT_RETURN_TYPE = YES_ERROR;
				GCC_WARN_UNDECLARED_SELECTOR = YES;
				GCC_WARN_UNINITIALIZED_AUTOS = YES_AGGRESSIVE;
				GCC_WARN_UNUSED_FUNCTION = YES;
				GCC_WARN_UNUSED_VARIABLE = YES;
				IPHONEOS_DEPLOYMENT_TARGET = 26.4;
				LOCALIZATION_PREFERS_STRING_CATALOGS = YES;
				MTL_ENABLE_DEBUG_INFO = NO;
				MTL_FAST_MATH = YES;
				SDKROOT = iphoneos;
				SWIFT_COMPILATION_MODE = wholemodule;
				VALIDATE_PRODUCT = YES;
			};
			name = Release;
		};
		7F7C4EE02F8EED64002102C0 /* Debug */ = {
			isa = XCBuildConfiguration;
			buildSettings = {
				ASSETCATALOG_COMPILER_APPICON_NAME = NeuroLockIcon;
				ASSETCATALOG_COMPILER_GLOBAL_ACCENT_COLOR_NAME = AccentColor;
				CODE_SIGN_ENTITLEMENTS = NeuroLock/NeuroLock.entitlements;
				CODE_SIGN_STYLE = Automatic;
				CURRENT_PROJECT_VERSION = 1;
				DEVELOPMENT_TEAM = 23TSKPYKJ5;
				ENABLE_PREVIEWS = YES;
				GENERATE_INFOPLIST_FILE = YES;
				INFOPLIST_KEY_UIApplicationSceneManifest_Generation = YES;
				INFOPLIST_KEY_UIApplicationSupportsIndirectInputEvents = YES;
				INFOPLIST_KEY_UILaunchScreen_Generation = YES;
				INFOPLIST_KEY_UISupportedInterfaceOrientations_iPad = "UIInterfaceOrientationPortrait UIInterfaceOrientationPortraitUpsideDown UIInterfaceOrientationLandscapeLeft UIInterfaceOrientationLandscapeRight";
				INFOPLIST_KEY_UISupportedInterfaceOrientations_iPhone = "UIInterfaceOrientationPortrait UIInterfaceOrientationLandscapeLeft UIInterfaceOrientationLandscapeRight";
				IPHONEOS_DEPLOYMENT_TARGET = 18.6;
				LD_RUNPATH_SEARCH_PATHS = (
					"$(inherited)",
					"@executable_path/Frameworks",
				);
				MARKETING_VERSION = 1.0;
				PRODUCT_BUNDLE_IDENTIFIER = com.rc.NeuroLock;
				PRODUCT_NAME = "$(TARGET_NAME)";
				STRING_CATALOG_GENERATE_SYMBOLS = YES;
				SWIFT_APPROACHABLE_CONCURRENCY = YES;
				SWIFT_DEFAULT_ACTOR_ISOLATION = MainActor;
				SWIFT_EMIT_LOC_STRINGS = YES;
				SWIFT_UPCOMING_FEATURE_MEMBER_IMPORT_VISIBILITY = YES;
				SWIFT_VERSION = 5.0;
				TARGETED_DEVICE_FAMILY = "1,2";
			};
			name = Debug;
		};
		7F7C4EE12F8EED64002102C0 /* Release */ = {
			isa = XCBuildConfiguration;
			buildSettings = {
				ASSETCATALOG_COMPILER_APPICON_NAME = NeuroLockIcon;
				ASSETCATALOG_COMPILER_GLOBAL_ACCENT_COLOR_NAME = AccentColor;
				CODE_SIGN_ENTITLEMENTS = NeuroLock/NeuroLock.entitlements;
				CODE_SIGN_STYLE = Automatic;
				CURRENT_PROJECT_VERSION = 1;
				DEVELOPMENT_TEAM = 23TSKPYKJ5;
				ENABLE_PREVIEWS = YES;
				GENERATE_INFOPLIST_FILE = YES;
				INFOPLIST_KEY_UIApplicationSceneManifest_Generation = YES;
				INFOPLIST_KEY_UIApplicationSupportsIndirectInputEvents = YES;
				INFOPLIST_KEY_UILaunchScreen_Generation = YES;
				INFOPLIST_KEY_UISupportedInterfaceOrientations_iPad = "UIInterfaceOrientationPortrait UIInterfaceOrientationPortraitUpsideDown UIInterfaceOrientationLandscapeLeft UIInterfaceOrientationLandscapeRight";
				INFOPLIST_KEY_UISupportedInterfaceOrientations_iPhone = "UIInterfaceOrientationPortrait UIInterfaceOrientationLandscapeLeft UIInterfaceOrientationLandscapeRight";
				IPHONEOS_DEPLOYMENT_TARGET = 18.6;
				LD_RUNPATH_SEARCH_PATHS = (
					"$(inherited)",
					"@executable_path/Frameworks",
				);
				MARKETING_VERSION = 1.0;
				PRODUCT_BUNDLE_IDENTIFIER = com.rc.NeuroLock;
				PRODUCT_NAME = "$(TARGET_NAME)";
				STRING_CATALOG_GENERATE_SYMBOLS = YES;
				SWIFT_APPROACHABLE_CONCURRENCY = YES;
				SWIFT_DEFAULT_ACTOR_ISOLATION = MainActor;
				SWIFT_EMIT_LOC_STRINGS = YES;
				SWIFT_UPCOMING_FEATURE_MEMBER_IMPORT_VISIBILITY = YES;
				SWIFT_VERSION = 5.0;
				TARGETED_DEVICE_FAMILY = "1,2";
			};
			name = Release;
		};
		7F7C4EE32F8EED64002102C0 /* Debug */ = {
			isa = XCBuildConfiguration;
			buildSettings = {
				BUNDLE_LOADER = "$(TEST_HOST)";
				CODE_SIGN_STYLE = Automatic;
				CURRENT_PROJECT_VERSION = 1;
				GENERATE_INFOPLIST_FILE = YES;
				IPHONEOS_DEPLOYMENT_TARGET = 18.6;
				MARKETING_VERSION = 1.0;
				PRODUCT_BUNDLE_IDENTIFIER = com.rc.NeuroLockTests;
				PRODUCT_NAME = "$(TARGET_NAME)";
				STRING_CATALOG_GENERATE_SYMBOLS = NO;
				SWIFT_APPROACHABLE_CONCURRENCY = YES;
				SWIFT_EMIT_LOC_STRINGS = NO;
				SWIFT_UPCOMING_FEATURE_MEMBER_IMPORT_VISIBILITY = YES;
				SWIFT_VERSION = 5.0;
				TARGETED_DEVICE_FAMILY = "1,2";
				TEST_HOST = "$(BUILT_PRODUCTS_DIR)/NeuroLock.app/$(BUNDLE_EXECUTABLE_FOLDER_PATH)/NeuroLock";
			};
			name = Debug;
		};
		7F7C4EE42F8EED64002102C0 /* Release */ = {
			isa = XCBuildConfiguration;
			buildSettings = {
				BUNDLE_LOADER = "$(TEST_HOST)";
				CODE_SIGN_STYLE = Automatic;
				CURRENT_PROJECT_VERSION = 1;
				GENERATE_INFOPLIST_FILE = YES;
				IPHONEOS_DEPLOYMENT_TARGET = 18.6;
				MARKETING_VERSION = 1.0;
				PRODUCT_BUNDLE_IDENTIFIER = com.rc.NeuroLockTests;
				PRODUCT_NAME = "$(TARGET_NAME)";
				STRING_CATALOG_GENERATE_SYMBOLS = NO;
				SWIFT_APPROACHABLE_CONCURRENCY = YES;
				SWIFT_EMIT_LOC_STRINGS = NO;
				SWIFT_UPCOMING_FEATURE_MEMBER_IMPORT_VISIBILITY = YES;
				SWIFT_VERSION = 5.0;
				TARGETED_DEVICE_FAMILY = "1,2";
				TEST_HOST = "$(BUILT_PRODUCTS_DIR)/NeuroLock.app/$(BUNDLE_EXECUTABLE_FOLDER_PATH)/NeuroLock";
			};
			name = Release;
		};
		7F7C4EE62F8EED64002102C0 /* Debug */ = {
			isa = XCBuildConfiguration;
			buildSettings = {
				CODE_SIGN_STYLE = Automatic;
				CURRENT_PROJECT_VERSION = 1;
				GENERATE_INFOPLIST_FILE = YES;
				IPHONEOS_DEPLOYMENT_TARGET = 18.6;
				MARKETING_VERSION = 1.0;
				PRODUCT_BUNDLE_IDENTIFIER = com.rc.NeuroLockUITests;
				PRODUCT_NAME = "$(TARGET_NAME)";
				STRING_CATALOG_GENERATE_SYMBOLS = NO;
				SWIFT_APPROACHABLE_CONCURRENCY = YES;
				SWIFT_EMIT_LOC_STRINGS = NO;
				SWIFT_UPCOMING_FEATURE_MEMBER_IMPORT_VISIBILITY = YES;
				SWIFT_VERSION = 5.0;
				TARGETED_DEVICE_FAMILY = "1,2";
				TEST_TARGET_NAME = NeuroLock;
			};
			name = Debug;
		};
		7F7C4EE72F8EED64002102C0 /* Release */ = {
			isa = XCBuildConfiguration;
			buildSettings = {
				CODE_SIGN_STYLE = Automatic;
				CURRENT_PROJECT_VERSION = 1;
				GENERATE_INFOPLIST_FILE = YES;
				IPHONEOS_DEPLOYMENT_TARGET = 18.6;
				MARKETING_VERSION = 1.0;
				PRODUCT_BUNDLE_IDENTIFIER = com.rc.NeuroLockUITests;
				PRODUCT_NAME = "$(TARGET_NAME)";
				STRING_CATALOG_GENERATE_SYMBOLS = NO;
				SWIFT_APPROACHABLE_CONCURRENCY = YES;
				SWIFT_EMIT_LOC_STRINGS = NO;
				SWIFT_UPCOMING_FEATURE_MEMBER_IMPORT_VISIBILITY = YES;
				SWIFT_VERSION = 5.0;
				TARGETED_DEVICE_FAMILY = "1,2";
				TEST_TARGET_NAME = NeuroLock;
			};
			name = Release;
		};
		7F7C4EFD2F8EF446002102C0 /* Debug */ = {
			isa = XCBuildConfiguration;
			buildSettings = {
				CODE_SIGN_ENTITLEMENTS = NeuroLockAction/NeuroLockAction.entitlements;
				CODE_SIGN_STYLE = Automatic;
				CURRENT_PROJECT_VERSION = 1;
				DEVELOPMENT_TEAM = 32X549AP3T;
				GENERATE_INFOPLIST_FILE = YES;
				INFOPLIST_FILE = NeuroLockAction/Info.plist;
				INFOPLIST_KEY_CFBundleDisplayName = NeuroLockAction;
				INFOPLIST_KEY_NSHumanReadableCopyright = "";
				IPHONEOS_DEPLOYMENT_TARGET = 18.6;
				LD_RUNPATH_SEARCH_PATHS = (
					"$(inherited)",
					"@executable_path/Frameworks",
					"@executable_path/../../Frameworks",
				);
				MARKETING_VERSION = 1.0;
				PRODUCT_BUNDLE_IDENTIFIER = com.rc.NeuroLock.NeuroLockAction;
				PRODUCT_NAME = "$(TARGET_NAME)";
				SKIP_INSTALL = YES;
				STRING_CATALOG_GENERATE_SYMBOLS = YES;
				SWIFT_APPROACHABLE_CONCURRENCY = YES;
				SWIFT_EMIT_LOC_STRINGS = YES;
				SWIFT_UPCOMING_FEATURE_MEMBER_IMPORT_VISIBILITY = YES;
				SWIFT_VERSION = 5.0;
				TARGETED_DEVICE_FAMILY = "1,2";
			};
			name = Debug;
		};
		7F7C4EFE2F8EF446002102C0 /* Release */ = {
			isa = XCBuildConfiguration;
			buildSettings = {
				CODE_SIGN_ENTITLEMENTS = NeuroLockAction/NeuroLockAction.entitlements;
				CODE_SIGN_STYLE = Automatic;
				CURRENT_PROJECT_VERSION = 1;
				DEVELOPMENT_TEAM = 32X549AP3T;
				GENERATE_INFOPLIST_FILE = YES;
				INFOPLIST_FILE = NeuroLockAction/Info.plist;
				INFOPLIST_KEY_CFBundleDisplayName = NeuroLockAction;
				INFOPLIST_KEY_NSHumanReadableCopyright = "";
				IPHONEOS_DEPLOYMENT_TARGET = 18.6;
				LD_RUNPATH_SEARCH_PATHS = (
					"$(inherited)",
					"@executable_path/Frameworks",
					"@executable_path/../../Frameworks",
				);
				MARKETING_VERSION = 1.0;
				PRODUCT_BUNDLE_IDENTIFIER = com.rc.NeuroLock.NeuroLockAction;
				PRODUCT_NAME = "$(TARGET_NAME)";
				SKIP_INSTALL = YES;
				STRING_CATALOG_GENERATE_SYMBOLS = YES;
				SWIFT_APPROACHABLE_CONCURRENCY = YES;
				SWIFT_EMIT_LOC_STRINGS = YES;
				SWIFT_UPCOMING_FEATURE_MEMBER_IMPORT_VISIBILITY = YES;
				SWIFT_VERSION = 5.0;
				TARGETED_DEVICE_FAMILY = "1,2";
			};
			name = Release;
		};
		7F7C4F122F8EF79A002102C0 /* Debug */ = {
			isa = XCBuildConfiguration;
			buildSettings = {
				CODE_SIGN_ENTITLEMENTS = NeuroLockShield/NeuroLockShield.entitlements;
				CODE_SIGN_STYLE = Automatic;
				CURRENT_PROJECT_VERSION = 1;
				DEVELOPMENT_TEAM = 32X549AP3T;
				GENERATE_INFOPLIST_FILE = YES;
				INFOPLIST_FILE = NeuroLockShield/Info.plist;
				INFOPLIST_KEY_CFBundleDisplayName = NeuroLockShield;
				INFOPLIST_KEY_NSHumanReadableCopyright = "";
				IPHONEOS_DEPLOYMENT_TARGET = 18.6;
				LD_RUNPATH_SEARCH_PATHS = (
					"$(inherited)",
					"@executable_path/Frameworks",
					"@executable_path/../../Frameworks",
				);
				MARKETING_VERSION = 1.0;
				PRODUCT_BUNDLE_IDENTIFIER = com.rc.NeuroLock.NeuroLockShield;
				PRODUCT_NAME = "$(TARGET_NAME)";
				SKIP_INSTALL = YES;
				STRING_CATALOG_GENERATE_SYMBOLS = YES;
				SWIFT_APPROACHABLE_CONCURRENCY = YES;
				SWIFT_EMIT_LOC_STRINGS = YES;
				SWIFT_UPCOMING_FEATURE_MEMBER_IMPORT_VISIBILITY = YES;
				SWIFT_VERSION = 5.0;
				TARGETED_DEVICE_FAMILY = "1,2";
			};
			name = Debug;
		};
		7F7C4F132F8EF79A002102C0 /* Release */ = {
			isa = XCBuildConfiguration;
			buildSettings = {
				CODE_SIGN_ENTITLEMENTS = NeuroLockShield/NeuroLockShield.entitlements;
				CODE_SIGN_STYLE = Automatic;
				CURRENT_PROJECT_VERSION = 1;
				DEVELOPMENT_TEAM = 32X549AP3T;
				GENERATE_INFOPLIST_FILE = YES;
				INFOPLIST_FILE = NeuroLockShield/Info.plist;
				INFOPLIST_KEY_CFBundleDisplayName = NeuroLockShield;
				INFOPLIST_KEY_NSHumanReadableCopyright = "";
				IPHONEOS_DEPLOYMENT_TARGET = 18.6;
				LD_RUNPATH_SEARCH_PATHS = (
					"$(inherited)",
					"@executable_path/Frameworks",
					"@executable_path/../../Frameworks",
				);
				MARKETING_VERSION = 1.0;
				PRODUCT_BUNDLE_IDENTIFIER = com.rc.NeuroLock.NeuroLockShield;
				PRODUCT_NAME = "$(TARGET_NAME)";
				SKIP_INSTALL = YES;
				STRING_CATALOG_GENERATE_SYMBOLS = YES;
				SWIFT_APPROACHABLE_CONCURRENCY = YES;
				SWIFT_EMIT_LOC_STRINGS = YES;
				SWIFT_UPCOMING_FEATURE_MEMBER_IMPORT_VISIBILITY = YES;
				SWIFT_VERSION = 5.0;
				TARGETED_DEVICE_FAMILY = "1,2";
			};
			name = Release;
		};
		7F7C4F302F8EF9A2002102C0 /* Debug */ = {
			isa = XCBuildConfiguration;
			buildSettings = {
				ASSETCATALOG_COMPILER_GLOBAL_ACCENT_COLOR_NAME = AccentColor;
				ASSETCATALOG_COMPILER_WIDGET_BACKGROUND_COLOR_NAME = WidgetBackground;
				CODE_SIGN_ENTITLEMENTS = NeuroLockWidgetExtension.entitlements;
				CODE_SIGN_STYLE = Automatic;
				CURRENT_PROJECT_VERSION = 1;
				DEVELOPMENT_TEAM = 32X549AP3T;
				GENERATE_INFOPLIST_FILE = YES;
				INFOPLIST_FILE = NeuroLockWidget/Info.plist;
				INFOPLIST_KEY_CFBundleDisplayName = NeuroLockWidget;
				INFOPLIST_KEY_NSHumanReadableCopyright = "";
				IPHONEOS_DEPLOYMENT_TARGET = 18.6;
				LD_RUNPATH_SEARCH_PATHS = (
					"$(inherited)",
					"@executable_path/Frameworks",
					"@executable_path/../../Frameworks",
				);
				MARKETING_VERSION = 1.0;
				PRODUCT_BUNDLE_IDENTIFIER = com.rc.NeuroLock.NeuroLockWidget;
				PRODUCT_NAME = "$(TARGET_NAME)";
				SKIP_INSTALL = YES;
				STRING_CATALOG_GENERATE_SYMBOLS = YES;
				SWIFT_APPROACHABLE_CONCURRENCY = YES;
				SWIFT_EMIT_LOC_STRINGS = YES;
				SWIFT_UPCOMING_FEATURE_MEMBER_IMPORT_VISIBILITY = YES;
				SWIFT_VERSION = 5.0;
				TARGETED_DEVICE_FAMILY = "1,2";
			};
			name = Debug;
		};
		7F7C4F312F8EF9A2002102C0 /* Release */ = {
			isa = XCBuildConfiguration;
			buildSettings = {
				ASSETCATALOG_COMPILER_GLOBAL_ACCENT_COLOR_NAME = AccentColor;
				ASSETCATALOG_COMPILER_WIDGET_BACKGROUND_COLOR_NAME = WidgetBackground;
				CODE_SIGN_ENTITLEMENTS = NeuroLockWidgetExtension.entitlements;
				CODE_SIGN_STYLE = Automatic;
				CURRENT_PROJECT_VERSION = 1;
				DEVELOPMENT_TEAM = 32X549AP3T;
				GENERATE_INFOPLIST_FILE = YES;
				INFOPLIST_FILE = NeuroLockWidget/Info.plist;
				INFOPLIST_KEY_CFBundleDisplayName = NeuroLockWidget;
				INFOPLIST_KEY_NSHumanReadableCopyright = "";
				IPHONEOS_DEPLOYMENT_TARGET = 18.6;
				LD_RUNPATH_SEARCH_PATHS = (
					"$(inherited)",
					"@executable_path/Frameworks",
					"@executable_path/../../Frameworks",
				);
				MARKETING_VERSION = 1.0;
				PRODUCT_BUNDLE_IDENTIFIER = com.rc.NeuroLock.NeuroLockWidget;
				PRODUCT_NAME = "$(TARGET_NAME)";
				SKIP_INSTALL = YES;
				STRING_CATALOG_GENERATE_SYMBOLS = YES;
				SWIFT_APPROACHABLE_CONCURRENCY = YES;
				SWIFT_EMIT_LOC_STRINGS = YES;
				SWIFT_UPCOMING_FEATURE_MEMBER_IMPORT_VISIBILITY = YES;
				SWIFT_VERSION = 5.0;
				TARGETED_DEVICE_FAMILY = "1,2";
			};
			name = Release;
		};
		9A1B2C3D4E5F600000000008 /* Debug */ = {
			isa = XCBuildConfiguration;
			buildSettings = {
				CODE_SIGN_ENTITLEMENTS = NeuroLockMonitor/NeuroLockMonitor.entitlements;
				CODE_SIGN_STYLE = Automatic;
				CURRENT_PROJECT_VERSION = 1;
				DEVELOPMENT_TEAM = 32X549AP3T;
				GENERATE_INFOPLIST_FILE = YES;
				INFOPLIST_FILE = NeuroLockMonitor/Info.plist;
				INFOPLIST_KEY_CFBundleDisplayName = NeuroLockMonitor;
				INFOPLIST_KEY_NSHumanReadableCopyright = "";
				IPHONEOS_DEPLOYMENT_TARGET = 18.6;
				LD_RUNPATH_SEARCH_PATHS = (
					"$(inherited)",
					"@executable_path/Frameworks",
					"@executable_path/../../Frameworks",
				);
				MARKETING_VERSION = 1.0;
				PRODUCT_BUNDLE_IDENTIFIER = com.rc.NeuroLock.NeuroLockMonitor;
				PRODUCT_NAME = "$(TARGET_NAME)";
				SKIP_INSTALL = YES;
				STRING_CATALOG_GENERATE_SYMBOLS = YES;
				SWIFT_APPROACHABLE_CONCURRENCY = YES;
				SWIFT_EMIT_LOC_STRINGS = YES;
				SWIFT_UPCOMING_FEATURE_MEMBER_IMPORT_VISIBILITY = YES;
				SWIFT_VERSION = 5.0;
				TARGETED_DEVICE_FAMILY = "1,2";
			};
			name = Debug;
		};
		9A1B2C3D4E5F600000000009 /* Release */ = {
			isa = XCBuildConfiguration;
			buildSettings = {
				CODE_SIGN_ENTITLEMENTS = NeuroLockMonitor/NeuroLockMonitor.entitlements;
				CODE_SIGN_STYLE = Automatic;
				CURRENT_PROJECT_VERSION = 1;
				DEVELOPMENT_TEAM = 32X549AP3T;
				GENERATE_INFOPLIST_FILE = YES;
				INFOPLIST_FILE = NeuroLockMonitor/Info.plist;
				INFOPLIST_KEY_CFBundleDisplayName = NeuroLockMonitor;
				INFOPLIST_KEY_NSHumanReadableCopyright = "";
				IPHONEOS_DEPLOYMENT_TARGET = 18.6;
				LD_RUNPATH_SEARCH_PATHS = (
					"$(inherited)",
					"@executable_path/Frameworks",
					"@executable_path/../../Frameworks",
				);
				MARKETING_VERSION = 1.0;
				PRODUCT_BUNDLE_IDENTIFIER = com.rc.NeuroLock.NeuroLockMonitor;
				PRODUCT_NAME = "$(TARGET_NAME)";
				SKIP_INSTALL = YES;
				STRING_CATALOG_GENERATE_SYMBOLS = YES;
				SWIFT_APPROACHABLE_CONCURRENCY = YES;
				SWIFT_EMIT_LOC_STRINGS = YES;
				SWIFT_UPCOMING_FEATURE_MEMBER_IMPORT_VISIBILITY = YES;
				SWIFT_VERSION = 5.0;
				TARGETED_DEVICE_FAMILY = "1,2";
			};
			name = Release;
		};
/* End XCBuildConfiguration section */

/* Begin XCConfigurationList section */
		7F7C4EB92F8EED63002102C0 /* Build configuration list for PBXProject "NeuroLock" */ = {
			isa = XCConfigurationList;
			buildConfigurations = (
				7F7C4EDD2F8EED64002102C0 /* Debug */,
				7F7C4EDE2F8EED64002102C0 /* Release */,
			);
			defaultConfigurationIsVisible = 0;
			defaultConfigurationName = Release;
		};
		7F7C4EDF2F8EED64002102C0 /* Build configuration list for PBXNativeTarget "NeuroLock" */ = {
			isa = XCConfigurationList;
			buildConfigurations = (
				7F7C4EE02F8EED64002102C0 /* Debug */,
				7F7C4EE12F8EED64002102C0 /* Release */,
			);
			defaultConfigurationIsVisible = 0;
			defaultConfigurationName = Release;
		};
		7F7C4EE22F8EED64002102C0 /* Build configuration list for PBXNativeTarget "NeuroLockTests" */ = {
			isa = XCConfigurationList;
			buildConfigurations = (
				7F7C4EE32F8EED64002102C0 /* Debug */,
				7F7C4EE42F8EED64002102C0 /* Release */,
			);
			defaultConfigurationIsVisible = 0;
			defaultConfigurationName = Release;
		};
		7F7C4EE52F8EED64002102C0 /* Build configuration list for PBXNativeTarget "NeuroLockUITests" */ = {
			isa = XCConfigurationList;
			buildConfigurations = (
				7F7C4EE62F8EED64002102C0 /* Debug */,
				7F7C4EE72F8EED64002102C0 /* Release */,
			);
			defaultConfigurationIsVisible = 0;
			defaultConfigurationName = Release;
		};
		7F7C4EFC2F8EF446002102C0 /* Build configuration list for PBXNativeTarget "NeuroLockAction" */ = {
			isa = XCConfigurationList;
			buildConfigurations = (
				7F7C4EFD2F8EF446002102C0 /* Debug */,
				7F7C4EFE2F8EF446002102C0 /* Release */,
			);
			defaultConfigurationIsVisible = 0;
			defaultConfigurationName = Release;
		};
		7F7C4F112F8EF79A002102C0 /* Build configuration list for PBXNativeTarget "NeuroLockShield" */ = {
			isa = XCConfigurationList;
			buildConfigurations = (
				7F7C4F122F8EF79A002102C0 /* Debug */,
				7F7C4F132F8EF79A002102C0 /* Release */,
			);
			defaultConfigurationIsVisible = 0;
			defaultConfigurationName = Release;
		};
		7F7C4F2F2F8EF9A2002102C0 /* Build configuration list for PBXNativeTarget "NeuroLockWidgetExtension" */ = {
			isa = XCConfigurationList;
			buildConfigurations = (
				7F7C4F302F8EF9A2002102C0 /* Debug */,
				7F7C4F312F8EF9A2002102C0 /* Release */,
			);
			defaultConfigurationIsVisible = 0;
			defaultConfigurationName = Release;
		};
		9A1B2C3D4E5F600000000007 /* Build configuration list for PBXNativeTarget "NeuroLockMonitor" */ = {
			isa = XCConfigurationList;
			buildConfigurations = (
				9A1B2C3D4E5F600000000008 /* Debug */,
				9A1B2C3D4E5F600000000009 /* Release */,
			);
			defaultConfigurationIsVisible = 0;
			defaultConfigurationName = Release;
		};
/* End XCConfigurationList section */
	};
	rootObject = 7F7C4EB62F8EED63002102C0 /* Project object */;
}
